{
  "name": "@microsoft/shell-use",
  "version": "0.0.1-beta.6",
  "lockfileVersion": 3,
  "requires": true,
  "packages": {
    "": {
      "name": "@microsoft/shell-use",
      "version": "0.0.1-beta.6",
      "license": "MIT",
      "devDependencies": {
        "@napi-rs/cli": "^3.7.4",
        "@types/node": "^20.14.0",
        "typescript": "^5.5.0"
      },
      "engines": {
        "node": ">=20"
      }
    },
    "node_modules/@emnapi/core": {
      "version": "2.0.0-alpha.3",
      "integrity": "sha1-BJrOZx8wJ01qTRYdO3cROLhi9wQ=",
      "dev": true,
      "license": "MIT",
      "optional": true,
      "peer": true,
      "dependencies": {
        "@emnapi/wasi-threads": "2.0.1",
        "tslib": "^2.4.0"
      }
    },
    "node_modules/@emnapi/runtime": {
      "version": "1.11.2",
      "integrity": "sha1-6yLwTXb+v99Ph/2v9UyKU/a/Db0=",
      "dev": true,
      "license": "MIT",
      "optional": true,
      "dependencies": {
        "tslib": "^2.4.0"
      }
    },
    "node_modules/@emnapi/wasi-threads": {
      "version": "2.0.1",
      "integrity": "sha1-HJKRkyi+H2q3n7YKZ8zz0uYs1Is=",
      "dev": true,
      "license": "MIT",
      "optional": true,
      "peer": true,
      "dependencies": {
        "tslib": "^2.4.0"
      }
    },
    "node_modules/@inquirer/ansi": {
      "version": "2.0.7",
      "dev": true,
      "license": "MIT",
      "engines": {
        "node": ">=23.5.0 || ^22.13.0 || ^20.17.0"
      }
    },
    "node_modules/@inquirer/checkbox": {
      "version": "5.2.1",
      "dev": true,
      "license": "MIT",
      "dependencies": {
        "@inquirer/ansi": "^2.0.7",
        "@inquirer/core": "^11.2.1",
        "@inquirer/figures": "^2.0.7",
        "@inquirer/type": "^4.0.7"
      },
      "engines": {
        "node": ">=23.5.0 || ^22.13.0 || ^20.17.0"
      },
      "peerDependencies": {
        "@types/node": ">=18"
      },
      "peerDependenciesMeta": {
        "@types/node": {
          "optional": true
        }
      }
    },
    "node_modules/@inquirer/confirm": {
      "version": "6.1.1",
      "dev": true,
      "license": "MIT",
      "dependencies": {
        "@inquirer/core": "^11.2.1",
        "@inquirer/type": "^4.0.7"
      },
      "engines": {
        "node": ">=23.5.0 || ^22.13.0 || ^20.17.0"
      },
      "peerDependencies": {
        "@types/node": ">=18"
      },
      "peerDependenciesMeta": {
        "@types/node": {
          "optional": true
        }
      }
    },
    "node_modules/@inquirer/core": {
      "version": "11.2.1",
      "dev": true,
      "license": "MIT",
      "dependencies": {
        "@inquirer/ansi": "^2.0.7",
        "@inquirer/figures": "^2.0.7",
        "@inquirer/type": "^4.0.7",
        "cli-width": "^4.1.0",
        "fast-wrap-ansi": "^0.2.0",
        "mute-stream": "^3.0.0",
        "signal-exit": "^4.1.0"
      },
      "engines": {
        "node": ">=23.5.0 || ^22.13.0 || ^20.17.0"
      },
      "peerDependencies": {
        "@types/node": ">=18"
      },
      "peerDependenciesMeta": {
        "@types/node": {
          "optional": true
        }
      }
    },
    "node_modules/@inquirer/editor": {
      "version": "5.2.2",
      "dev": true,
      "license": "MIT",
      "dependencies": {
        "@inquirer/core": "^11.2.1",
        "@inquirer/external-editor": "^3.0.3",
        "@inquirer/type": "^4.0.7"
      },
      "engines": {
        "node": ">=23.5.0 || ^22.13.0 || ^20.17.0"
      },
      "peerDependencies": {
        "@types/node": ">=18"
      },
      "peerDependenciesMeta": {
        "@types/node": {
          "optional": true
        }
      }
    },
    "node_modules/@inquirer/expand": {
      "version": "5.1.1",
      "dev": true,
      "license": "MIT",
      "dependencies": {
        "@inquirer/core": "^11.2.1",
        "@inquirer/type": "^4.0.7"
      },
      "engines": {
        "node": ">=23.5.0 || ^22.13.0 || ^20.17.0"
      },
      "peerDependencies": {
        "@types/node": ">=18"
      },
      "peerDependenciesMeta": {
        "@types/node": {
          "optional": true
        }
      }
    },
    "node_modules/@inquirer/external-editor": {
      "version": "3.0.3",
      "dev": true,
      "license": "MIT",
      "dependencies": {
        "chardet": "^2.1.1",
        "iconv-lite": "^0.7.2"
      },
      "engines": {
        "node": ">=23.5.0 || ^22.13.0 || ^20.17.0"
      },
      "peerDependencies": {
        "@types/node": ">=18"
      },
      "peerDependenciesMeta": {
        "@types/node": {
          "optional": true
        }
      }
    },
    "node_modules/@inquirer/figures": {
      "version": "2.0.7",
      "dev": true,
      "license": "MIT",
      "engines": {
        "node": ">=23.5.0 || ^22.13.0 || ^20.17.0"
      }
    },
    "node_modules/@inquirer/input": {
      "version": "5.1.2",
      "dev": true,
      "license": "MIT",
      "dependencies": {
        "@inquirer/core": "^11.2.1",
        "@inquirer/type": "^4.0.7"
      },
      "engines": {
        "node": ">=23.5.0 || ^22.13.0 || ^20.17.0"
      },
      "peerDependencies": {
        "@types/node": ">=18"
      },
      "peerDependenciesMeta": {
        "@types/node": {
          "optional": true
        }
      }
    },
    "node_modules/@inquirer/number": {
      "version": "4.1.1",
      "dev": true,
      "license": "MIT",
      "dependencies": {
        "@inquirer/core": "^11.2.1",
        "@inquirer/type": "^4.0.7"
      },
      "engines": {
        "node": ">=23.5.0 || ^22.13.0 || ^20.17.0"
      },
      "peerDependencies": {
        "@types/node": ">=18"
      },
      "peerDependenciesMeta": {
        "@types/node": {
          "optional": true
        }
      }
    },
    "node_modules/@inquirer/password": {
      "version": "5.1.1",
      "dev": true,
      "license": "MIT",
      "dependencies": {
        "@inquirer/ansi": "^2.0.7",
        "@inquirer/core": "^11.2.1",
        "@inquirer/type": "^4.0.7"
      },
      "engines": {
        "node": ">=23.5.0 || ^22.13.0 || ^20.17.0"
      },
      "peerDependencies": {
        "@types/node": ">=18"
      },
      "peerDependenciesMeta": {
        "@types/node": {
          "optional": true
        }
      }
    },
    "node_modules/@inquirer/prompts": {
      "version": "8.5.2",
      "dev": true,
      "license": "MIT",
      "dependencies": {
        "@inquirer/checkbox": "^5.2.1",
        "@inquirer/confirm": "^6.1.1",
        "@inquirer/editor": "^5.2.2",
        "@inquirer/expand": "^5.1.1",
        "@inquirer/input": "^5.1.2",
        "@inquirer/number": "^4.1.1",
        "@inquirer/password": "^5.1.1",
        "@inquirer/rawlist": "^5.3.1",
        "@inquirer/search": "^4.2.1",
        "@inquirer/select": "^5.2.1"
      },
      "engines": {
        "node": ">=23.5.0 || ^22.13.0 || ^20.17.0"
      },
      "peerDependencies": {
        "@types/node": ">=18"
      },
      "peerDependenciesMeta": {
        "@types/node": {
          "optional": true
        }
      }
    },
    "node_modules/@inquirer/rawlist": {
      "version": "5.3.1",
      "dev": true,
      "license": "MIT",
      "dependencies": {
        "@inquirer/core": "^11.2.1",
        "@inquirer/type": "^4.0.7"
      },
      "engines": {
        "node": ">=23.5.0 || ^22.13.0 || ^20.17.0"
      },
      "peerDependencies": {
        "@types/node": ">=18"
      },
      "peerDependenciesMeta": {
        "@types/node": {
          "optional": true
        }
      }
    },
    "node_modules/@inquirer/search": {
      "version": "4.2.1",
      "dev": true,
      "license": "MIT",
      "dependencies": {
        "@inquirer/core": "^11.2.1",
        "@inquirer/figures": "^2.0.7",
        "@inquirer/type": "^4.0.7"
      },
      "engines": {
        "node": ">=23.5.0 || ^22.13.0 || ^20.17.0"
      },
      "peerDependencies": {
        "@types/node": ">=18"
      },
      "peerDependenciesMeta": {
        "@types/node": {
          "optional": true
        }
      }
    },
    "node_modules/@inquirer/select": {
      "version": "5.2.1",
      "dev": true,
      "license": "MIT",
      "dependencies": {
        "@inquirer/ansi": "^2.0.7",
        "@inquirer/core": "^11.2.1",
        "@inquirer/figures": "^2.0.7",
        "@inquirer/type": "^4.0.7"
      },
      "engines": {
        "node": ">=23.5.0 || ^22.13.0 || ^20.17.0"
      },
      "peerDependencies": {
        "@types/node": ">=18"
      },
      "peerDependenciesMeta": {
        "@types/node": {
          "optional": true
        }
      }
    },
    "node_modules/@inquirer/type": {
      "version": "4.0.7",
      "dev": true,
      "license": "MIT",
      "engines": {
        "node": ">=23.5.0 || ^22.13.0 || ^20.17.0"
      },
      "peerDependencies": {
        "@types/node": ">=18"
      },
      "peerDependenciesMeta": {
        "@types/node": {
          "optional": true
        }
      }
    },
    "node_modules/@napi-rs/cli": {
      "version": "3.7.4",
      "dev": true,
      "license": "MIT",
      "dependencies": {
        "@inquirer/prompts": "^8.5.2",
        "@napi-rs/cross-toolchain": "^1.0.3",
        "@napi-rs/wasm-tools": "^1.0.1",
        "@octokit/rest": "^22.0.1",
        "clipanion": "^4.0.0-rc.4",
        "colorette": "^2.0.20",
        "emnapi": "^1.11.1",
        "es-toolkit": "^1.47.0",
        "js-yaml": "^4.2.0",
        "obug": "^2.1.2",
        "semver": "^7.8.2",
        "typanion": "^3.14.0"
      },
      "bin": {
        "napi": "dist/cli.js",
        "napi-raw": "cli.mjs"
      },
      "engines": {
        "node": ">= 16"
      },
      "funding": {
        "type": "github",
        "url": "https://github.com/sponsors/Brooooooklyn"
      },
      "peerDependencies": {
        "@emnapi/runtime": "^1.7.1"
      },
      "peerDependenciesMeta": {
        "@emnapi/runtime": {
          "optional": true
        }
      }
    },
    "node_modules/@napi-rs/cross-toolchain": {
      "version": "1.0.3",
      "dev": true,
      "license": "MIT",
      "workspaces": [
        ".",
        "arm64/*",
        "x64/*"
      ],
      "dependencies": {
        "@napi-rs/lzma": "^1.4.5",
        "@napi-rs/tar": "^1.1.0",
        "debug": "^4.4.1"
      },
      "peerDependencies": {
        "@napi-rs/cross-toolchain-arm64-target-aarch64": "^1.0.3",
        "@napi-rs/cross-toolchain-arm64-target-armv7": "^1.0.3",
        "@napi-rs/cross-toolchain-arm64-target-ppc64le": "^1.0.3",
        "@napi-rs/cross-toolchain-arm64-target-s390x": "^1.0.3",
        "@napi-rs/cross-toolchain-arm64-target-x86_64": "^1.0.3",
        "@napi-rs/cross-toolchain-x64-target-aarch64": "^1.0.3",
        "@napi-rs/cross-toolchain-x64-target-armv7": "^1.0.3",
        "@napi-rs/cross-toolchain-x64-target-ppc64le": "^1.0.3",
        "@napi-rs/cross-toolchain-x64-target-s390x": "^1.0.3",
        "@napi-rs/cross-toolchain-x64-target-x86_64": "^1.0.3"
      },
      "peerDependenciesMeta": {
        "@napi-rs/cross-toolchain-arm64-target-aarch64": {
          "optional": true
        },
        "@napi-rs/cross-toolchain-arm64-target-armv7": {
          "optional": true
        },
        "@napi-rs/cross-toolchain-arm64-target-ppc64le": {
          "optional": true
        },
        "@napi-rs/cross-toolchain-arm64-target-s390x": {
          "optional": true
        },
        "@napi-rs/cross-toolchain-arm64-target-x86_64": {
          "optional": true
        },
        "@napi-rs/cross-toolchain-x64-target-aarch64": {
          "optional": true
        },
        "@napi-rs/cross-toolchain-x64-target-armv7": {
          "optional": true
        },
        "@napi-rs/cross-toolchain-x64-target-ppc64le": {
          "optional": true
        },
        "@napi-rs/cross-toolchain-x64-target-s390x": {
          "optional": true
        },
        "@napi-rs/cross-toolchain-x64-target-x86_64": {
          "optional": true
        }
      }
    },
    "node_modules/@napi-rs/lzma": {
      "version": "1.5.1",
      "dev": true,
      "license": "MIT",
      "engines": {
        "node": "^22.20 || ^24.12 || >=25"
      },
      "funding": {
        "type": "github",
        "url": "https://github.com/sponsors/Brooooooklyn"
      },
      "optionalDependencies": {
        "@napi-rs/lzma-android-arm-eabi": "1.5.1",
        "@napi-rs/lzma-android-arm64": "1.5.1",
        "@napi-rs/lzma-darwin-arm64": "1.5.1",
        "@napi-rs/lzma-darwin-x64": "1.5.1",
        "@napi-rs/lzma-freebsd-x64": "1.5.1",
        "@napi-rs/lzma-linux-arm-gnueabihf": "1.5.1",
        "@napi-rs/lzma-linux-arm64-gnu": "1.5.1",
        "@napi-rs/lzma-linux-arm64-musl": "1.5.1",
        "@napi-rs/lzma-linux-ppc64-gnu": "1.5.1",
        "@napi-rs/lzma-linux-riscv64-gnu": "1.5.1",
        "@napi-rs/lzma-linux-s390x-gnu": "1.5.1",
        "@napi-rs/lzma-linux-x64-gnu": "1.5.1",
        "@napi-rs/lzma-linux-x64-musl": "1.5.1",
        "@napi-rs/lzma-wasm32-wasi": "1.5.1",
        "@napi-rs/lzma-win32-arm64-msvc": "1.5.1",
        "@napi-rs/lzma-win32-ia32-msvc": "1.5.1",
        "@napi-rs/lzma-win32-x64-msvc": "1.5.1"
      }
    },
    "node_modules/@napi-rs/lzma-android-arm-eabi": {
      "version": "1.5.1",
      "integrity": "sha1-XzWH20jb30KCzbd/FOJXbHWhpe8=",
      "cpu": [
        "arm"
      ],
      "dev": true,
      "license": "MIT",
      "optional": true,
      "os": [
        "android"
      ],
      "engines": {
        "node": "^22.20 || ^24.12 || >=25"
      }
    },
    "node_modules/@napi-rs/lzma-android-arm64": {
      "version": "1.5.1",
      "integrity": "sha1-UP+Jy9DTiSZAkfIcwqiH4y7Ovkk=",
      "cpu": [
        "arm64"
      ],
      "dev": true,
      "license": "MIT",
      "optional": true,
      "os": [
        "android"
      ],
      "engines": {
        "node": "^22.20 || ^24.12 || >=25"
      }
    },
    "node_modules/@napi-rs/lzma-darwin-arm64": {
      "version": "1.5.1",
      "integrity": "sha1-q/VutS95eIiEkm3vqDDUvwxzaKQ=",
      "cpu": [
        "arm64"
      ],
      "dev": true,
      "license": "MIT",
      "optional": true,
      "os": [
        "darwin"
      ],
      "engines": {
        "node": "^22.20 || ^24.12 || >=25"
      }
    },
    "node_modules/@napi-rs/lzma-darwin-x64": {
      "version": "1.5.1",
      "integrity": "sha1-v0L4vcucn/yEDgF+nvO7yVe0mm4=",
      "cpu": [
        "x64"
      ],
      "dev": true,
      "license": "MIT",
      "optional": true,
      "os": [
        "darwin"
      ],
      "engines": {
        "node": "^22.20 || ^24.12 || >=25"
      }
    },
    "node_modules/@napi-rs/lzma-freebsd-x64": {
      "version": "1.5.1",
      "integrity": "sha1-d96u080DIUAFpZh0xWrGXCWE6ew=",
      "cpu": [
        "x64"
      ],
      "dev": true,
      "license": "MIT",
      "optional": true,
      "os": [
        "freebsd"
      ],
      "engines": {
        "node": "^22.20 || ^24.12 || >=25"
      }
    },
    "node_modules/@napi-rs/lzma-linux-arm-gnueabihf": {
      "version": "1.5.1",
      "integrity": "sha1-vb+yyTUuL00pfssDTtkualOOjD4=",
      "cpu": [
        "arm"
      ],
      "dev": true,
      "license": "MIT",
      "optional": true,
      "os": [
        "linux"
      ],
      "engines": {
        "node": "^22.20 || ^24.12 || >=25"
      }
    },
    "node_modules/@napi-rs/lzma-linux-arm64-gnu": {
      "version": "1.5.1",
      "integrity": "sha1-c4LaFRrOUwioBIdWblZyyTW49d8=",
      "cpu": [
        "arm64"
      ],
      "dev": true,
      "license": "MIT",
      "optional": true,
      "os": [
        "linux"
      ],
      "engines": {
        "node": "^22.20 || ^24.12 || >=25"
      }
    },
    "node_modules/@napi-rs/lzma-linux-arm64-musl": {
      "version": "1.5.1",
      "integrity": "sha1-JuJJbvaxaUEs9izMEf7zJ37P9Gc=",
      "cpu": [
        "arm64"
      ],
      "dev": true,
      "license": "MIT",
      "optional": true,
      "os": [
        "linux"
      ],
      "engines": {
        "node": "^22.20 || ^24.12 || >=25"
      }
    },
    "node_modules/@napi-rs/lzma-linux-ppc64-gnu": {
      "version": "1.5.1",
      "integrity": "sha1-Zz+ALaA/oEmWjvaM8FUzjK74UVw=",
      "cpu": [
        "ppc64"
      ],
      "dev": true,
      "license": "MIT",
      "optional": true,
      "os": [
        "linux"
      ],
      "engines": {
        "node": "^22.20 || ^24.12 || >=25"
      }
    },
    "node_modules/@napi-rs/lzma-linux-riscv64-gnu": {
      "version": "1.5.1",
      "integrity": "sha1-YepTghqq+QU56tWS0eRdXBtu4Zw=",
      "cpu": [
        "riscv64"
      ],
      "dev": true,
      "license": "MIT",
      "optional": true,
      "os": [
        "linux"
      ],
      "engines": {
        "node": "^22.20 || ^24.12 || >=25"
      }
    },
    "node_modules/@napi-rs/lzma-linux-s390x-gnu": {
      "version": "1.5.1",
      "integrity": "sha1-at868TE7WSQKKQe2DmOUBHxUybM=",
      "cpu": [
        "s390x"
      ],
      "dev": true,
      "license": "MIT",
      "optional": true,
      "os": [
        "linux"
      ],
      "engines": {
        "node": "^22.20 || ^24.12 || >=25"
      }
    },
    "node_modules/@napi-rs/lzma-linux-x64-gnu": {
      "version": "1.5.1",
      "integrity": "sha1-5X1DBpZgeGYgOAlPs465FG3Drqk=",
      "cpu": [
        "x64"
      ],
      "dev": true,
      "license": "MIT",
      "optional": true,
      "os": [
        "linux"
      ],
      "engines": {
        "node": "^22.20 || ^24.12 || >=25"
      }
    },
    "node_modules/@napi-rs/lzma-linux-x64-musl": {
      "version": "1.5.1",
      "integrity": "sha1-Ga78wscV9EImbwasOzNLkq6YfB0=",
      "cpu": [
        "x64"
      ],
      "dev": true,
      "license": "MIT",
      "optional": true,
      "os": [
        "linux"
      ],
      "engines": {
        "node": "^22.20 || ^24.12 || >=25"
      }
    },
    "node_modules/@napi-rs/lzma-wasm32-wasi": {
      "version": "1.5.1",
      "integrity": "sha1-pVnFNkqpwso6ykV9m16iH1D8G2I=",
      "cpu": [
        "wasm32"
      ],
      "dev": true,
      "license": "MIT",
      "optional": true,
      "dependencies": {
        "@emnapi/core": "1.11.2",
        "@emnapi/runtime": "1.11.2",
        "@napi-rs/wasm-runtime": "^1.1.6"
      },
      "engines": {
        "node": "^22.20 || ^24.12 || >=25"
      }
    },
    "node_modules/@napi-rs/lzma-wasm32-wasi/node_modules/@emnapi/core": {
      "version": "1.11.2",
      "integrity": "sha1-+rCg88SS0R9amskGXQ1zlV7hwck=",
      "dev": true,
      "license": "MIT",
      "optional": true,
      "dependencies": {
        "@emnapi/wasi-threads": "1.2.2",
        "tslib": "^2.4.0"
      }
    },
    "node_modules/@napi-rs/lzma-wasm32-wasi/node_modules/@emnapi/runtime": {
      "version": "1.11.2",
      "integrity": "sha1-6yLwTXb+v99Ph/2v9UyKU/a/Db0=",
      "dev": true,
      "license": "MIT",
      "optional": true,
      "dependencies": {
        "tslib": "^2.4.0"
      }
    },
    "node_modules/@napi-rs/lzma-wasm32-wasi/node_modules/@emnapi/wasi-threads": {
      "version": "1.2.2",
      "integrity": "sha1-TJO+z1v6OxPRu9zAau44MhrYE5o=",
      "dev": true,
      "license": "MIT",
      "optional": true,
      "dependencies": {
        "tslib": "^2.4.0"
      }
    },
    "node_modules/@napi-rs/lzma-win32-arm64-msvc": {
      "version": "1.5.1",
      "integrity": "sha1-TiTHseNwCeX3gbgvHn3im0RiH6k=",
      "cpu": [
        "arm64"
      ],
      "dev": true,
      "license": "MIT",
      "optional": true,
      "os": [
        "win32"
      ],
      "engines": {
        "node": "^22.20 || ^24.12 || >=25"
      }
    },
    "node_modules/@napi-rs/lzma-win32-ia32-msvc": {
      "version": "1.5.1",
      "integrity": "sha1-PhEok8WZF/rCJEm5d/a6Yor2FVk=",
      "cpu": [
        "ia32"
      ],
      "dev": true,
      "license": "MIT",
      "optional": true,
      "os": [
        "win32"
      ],
      "engines": {
        "node": "^22.20 || ^24.12 || >=25"
      }
    },
    "node_modules/@napi-rs/lzma-win32-x64-msvc": {
      "version": "1.5.1",
      "cpu": [
        "x64"
      ],
      "dev": true,
      "license": "MIT",
      "optional": true,
      "os": [
        "win32"
      ],
      "engines": {
        "node": "^22.20 || ^24.12 || >=25"
      }
    },
    "node_modules/@napi-rs/tar": {
      "version": "1.1.1",
      "dev": true,
      "license": "MIT",
      "engines": {
        "node": ">= 10"
      },
      "optionalDependencies": {
        "@napi-rs/tar-android-arm-eabi": "1.1.1",
        "@napi-rs/tar-android-arm64": "1.1.1",
        "@napi-rs/tar-darwin-arm64": "1.1.1",
        "@napi-rs/tar-darwin-x64": "1.1.1",
        "@napi-rs/tar-freebsd-x64": "1.1.1",
        "@napi-rs/tar-linux-arm-gnueabihf": "1.1.1",
        "@napi-rs/tar-linux-arm64-gnu": "1.1.1",
        "@napi-rs/tar-linux-arm64-musl": "1.1.1",
        "@napi-rs/tar-linux-ppc64-gnu": "1.1.1",
        "@napi-rs/tar-linux-s390x-gnu": "1.1.1",
        "@napi-rs/tar-linux-x64-gnu": "1.1.1",
        "@napi-rs/tar-linux-x64-musl": "1.1.1",
        "@napi-rs/tar-wasm32-wasi": "1.1.1",
        "@napi-rs/tar-win32-arm64-msvc": "1.1.1",
        "@napi-rs/tar-win32-ia32-msvc": "1.1.1",
        "@napi-rs/tar-win32-x64-msvc": "1.1.1"
      }
    },
    "node_modules/@napi-rs/tar-android-arm-eabi": {
      "version": "1.1.1",
      "integrity": "sha1-Ua5AMPcpuCOealLVhx3/rgsg0Qo=",
      "cpu": [
        "arm"
      ],
      "dev": true,
      "license": "MIT",
      "optional": true,
      "os": [
        "android"
      ],
      "engines": {
        "node": ">= 10"
      }
    },
    "node_modules/@napi-rs/tar-android-arm64": {
      "version": "1.1.1",
      "integrity": "sha1-yIZYep3CH4mv7mTymXns5rvAuKc=",
      "cpu": [
        "arm64"
      ],
      "dev": true,
      "license": "MIT",
      "optional": true,
      "os": [
        "android"
      ],
      "engines": {
        "node": ">= 10"
      }
    },
    "node_modules/@napi-rs/tar-darwin-arm64": {
      "version": "1.1.1",
      "integrity": "sha1-ayXZaoi1W+EZmWJ7LGU1eMnrSRs=",
      "cpu": [
        "arm64"
      ],
      "dev": true,
      "license": "MIT",
      "optional": true,
      "os": [
        "darwin"
      ],
      "engines": {
        "node": ">= 10"
      }
    },
    "node_modules/@napi-rs/tar-darwin-x64": {
      "version": "1.1.1",
      "integrity": "sha1-RNxxiCOVlT/nRC4JXOBOsUaydDw=",
      "cpu": [
        "x64"
      ],
      "dev": true,
      "license": "MIT",
      "optional": true,
      "os": [
        "darwin"
      ],
      "engines": {
        "node": ">= 10"
      }
    },
    "node_modules/@napi-rs/tar-freebsd-x64": {
      "version": "1.1.1",
      "integrity": "sha1-eooUF2NAYnSclSaG4yBIArXziXQ=",
      "cpu": [
        "x64"
      ],
      "dev": true,
      "license": "MIT",
      "optional": true,
      "os": [
        "freebsd"
      ],
      "engines": {
        "node": ">= 10"
      }
    },
    "node_modules/@napi-rs/tar-linux-arm-gnueabihf": {
      "version": "1.1.1",
      "integrity": "sha1-G+VW9gjdTzXIgRfEhjZLsMWbHQU=",
      "cpu": [
        "arm"
      ],
      "dev": true,
      "license": "MIT",
      "optional": true,
      "os": [
        "linux"
      ],
      "engines": {
        "node": ">= 10"
      }
    },
    "node_modules/@napi-rs/tar-linux-arm64-gnu": {
      "version": "1.1.1",
      "integrity": "sha1-ttCzqld6cnve7vO+mjIw2GWR/EE=",
      "cpu": [
        "arm64"
      ],
      "dev": true,
      "license": "MIT",
      "optional": true,
      "os": [
        "linux"
      ],
      "engines": {
        "node": ">= 10"
      }
    },
    "node_modules/@napi-rs/tar-linux-arm64-musl": {
      "version": "1.1.1",
      "integrity": "sha1-JjADJAscaTE0Nsk5xAx4GDzpCvA=",
      "cpu": [
        "arm64"
      ],
      "dev": true,
      "license": "MIT",
      "optional": true,
      "os": [
        "linux"
      ],
      "engines": {
        "node": ">= 10"
      }
    },
    "node_modules/@napi-rs/tar-linux-ppc64-gnu": {
      "version": "1.1.1",
      "integrity": "sha1-5IAtE4CAkPl41/AC8MqbHvWWD3s=",
      "cpu": [
        "ppc64"
      ],
      "dev": true,
      "license": "MIT",
      "optional": true,
      "os": [
        "linux"
      ],
      "engines": {
        "node": ">= 10"
      }
    },
    "node_modules/@napi-rs/tar-linux-s390x-gnu": {
      "version": "1.1.1",
      "integrity": "sha1-oYAK50Uz/JdnRuepZFKZfgW/C38=",
      "cpu": [
        "s390x"
      ],
      "dev": true,
      "license": "MIT",
      "optional": true,
      "os": [
        "linux"
      ],
      "engines": {
        "node": ">= 10"
      }
    },
    "node_modules/@napi-rs/tar-linux-x64-gnu": {
      "version": "1.1.1",
      "integrity": "sha1-6vqLauqYHJnvA1v7jIzkYNIaCy4=",
      "cpu": [
        "x64"
      ],
      "dev": true,
      "license": "MIT",
      "optional": true,
      "os": [
        "linux"
      ],
      "engines": {
        "node": ">= 10"
      }
    },
    "node_modules/@napi-rs/tar-linux-x64-musl": {
      "version": "1.1.1",
      "integrity": "sha1-DDsSTj3aUeEhhUG3ntT6xHznXxI=",
      "cpu": [
        "x64"
      ],
      "dev": true,
      "license": "MIT",
      "optional": true,
      "os": [
        "linux"
      ],
      "engines": {
        "node": ">= 10"
      }
    },
    "node_modules/@napi-rs/tar-wasm32-wasi": {
      "version": "1.1.1",
      "integrity": "sha1-pjOVjc3zfc29uoFTP/1Zv9izKSQ=",
      "cpu": [
        "wasm32"
      ],
      "dev": true,
      "license": "MIT",
      "optional": true,
      "dependencies": {
        "@emnapi/core": "1.11.2",
        "@emnapi/runtime": "1.11.2",
        "@napi-rs/wasm-runtime": "^1.1.6"
      },
      "engines": {
        "node": ">=14.0.0"
      }
    },
    "node_modules/@napi-rs/tar-wasm32-wasi/node_modules/@emnapi/core": {
      "version": "1.11.2",
      "integrity": "sha1-+rCg88SS0R9amskGXQ1zlV7hwck=",
      "dev": true,
      "license": "MIT",
      "optional": true,
      "dependencies": {
        "@emnapi/wasi-threads": "1.2.2",
        "tslib": "^2.4.0"
      }
    },
    "node_modules/@napi-rs/tar-wasm32-wasi/node_modules/@emnapi/runtime": {
      "version": "1.11.2",
      "integrity": "sha1-6yLwTXb+v99Ph/2v9UyKU/a/Db0=",
      "dev": true,
      "license": "MIT",
      "optional": true,
      "dependencies": {
        "tslib": "^2.4.0"
      }
    },
    "node_modules/@napi-rs/tar-wasm32-wasi/node_modules/@emnapi/wasi-threads": {
      "version": "1.2.2",
      "integrity": "sha1-TJO+z1v6OxPRu9zAau44MhrYE5o=",
      "dev": true,
      "license": "MIT",
      "optional": true,
      "dependencies": {
        "tslib": "^2.4.0"
      }
    },
    "node_modules/@napi-rs/tar-win32-arm64-msvc": {
      "version": "1.1.1",
      "integrity": "sha1-ZuDIBW3EUN6WqEaeoEO4Y5nZUMI=",
      "cpu": [
        "arm64"
      ],
      "dev": true,
      "license": "MIT",
      "optional": true,
      "os": [
        "win32"
      ],
      "engines": {
        "node": ">= 10"
      }
    },
    "node_modules/@napi-rs/tar-win32-ia32-msvc": {
      "version": "1.1.1",
      "integrity": "sha1-Hve4gnu9yKYakb1BCo0tauGSPUw=",
      "cpu": [
        "ia32"
      ],
      "dev": true,
      "license": "MIT",
      "optional": true,
      "os": [
        "win32"
      ],
      "engines": {
        "node": ">= 10"
      }
    },
    "node_modules/@napi-rs/tar-win32-x64-msvc": {
      "version": "1.1.1",
      "cpu": [
        "x64"
      ],
      "dev": true,
      "license": "MIT",
      "optional": true,
      "os": [
        "win32"
      ],
      "engines": {
        "node": ">= 10"
      }
    },
    "node_modules/@napi-rs/wasm-runtime": {
      "version": "1.2.0",
      "integrity": "sha1-16o5iEXjqxycj4HqUPUn7TfRZxU=",
      "dev": true,
      "license": "MIT",
      "optional": true,
      "dependencies": {
        "@tybys/wasm-util": "^0.10.3"
      },
      "engines": {
        "node": "^20.19.0 || ^22.13.0 || >=23.5.0"
      },
      "funding": {
        "type": "github",
        "url": "https://github.com/sponsors/Brooooooklyn"
      },
      "peerDependencies": {
        "@emnapi/core": "^2.0.0-alpha.3",
        "@emnapi/runtime": "^2.0.0-alpha.3"
      }
    },
    "node_modules/@napi-rs/wasm-tools": {
      "version": "1.1.0",
      "dev": true,
      "license": "MIT",
      "engines": {
        "node": ">= 12.22.0"
      },
      "optionalDependencies": {
        "@napi-rs/wasm-tools-android-arm-eabi": "1.1.0",
        "@napi-rs/wasm-tools-android-arm64": "1.1.0",
        "@napi-rs/wasm-tools-darwin-arm64": "1.1.0",
        "@napi-rs/wasm-tools-darwin-x64": "1.1.0",
        "@napi-rs/wasm-tools-freebsd-x64": "1.1.0",
        "@napi-rs/wasm-tools-linux-arm64-gnu": "1.1.0",
        "@napi-rs/wasm-tools-linux-arm64-musl": "1.1.0",
        "@napi-rs/wasm-tools-linux-x64-gnu": "1.1.0",
        "@napi-rs/wasm-tools-linux-x64-musl": "1.1.0",
        "@napi-rs/wasm-tools-wasm32-wasi": "1.1.0",
        "@napi-rs/wasm-tools-win32-arm64-msvc": "1.1.0",
        "@napi-rs/wasm-tools-win32-ia32-msvc": "1.1.0",
        "@napi-rs/wasm-tools-win32-x64-msvc": "1.1.0"
      }
    },
    "node_modules/@napi-rs/wasm-tools-android-arm-eabi": {
      "version": "1.1.0",
      "integrity": "sha1-k48Dya/pJskHeqQ8vnasAtqgMKg=",
      "cpu": [
        "arm"
      ],
      "dev": true,
      "license": "MIT",
      "optional": true,
      "os": [
        "android"
      ],
      "engines": {
        "node": ">= 12.22.0"
      }
    },
    "node_modules/@napi-rs/wasm-tools-android-arm64": {
      "version": "1.1.0",
      "integrity": "sha1-9JFxIa+6pHhxy1Lq9PnnmbZmHo0=",
      "cpu": [
        "arm64"
      ],
      "dev": true,
      "license": "MIT",
      "optional": true,
      "os": [
        "android"
      ],
      "engines": {
        "node": ">= 12.22.0"
      }
    },
    "node_modules/@napi-rs/wasm-tools-darwin-arm64": {
      "version": "1.1.0",
      "integrity": "sha1-XW2JdChheaZciE87JJHiWMsjs4I=",
      "cpu": [
        "arm64"
      ],
      "dev": true,
      "license": "MIT",
      "optional": true,
      "os": [
        "darwin"
      ],
      "engines": {
        "node": ">= 12.22.0"
      }
    },
    "node_modules/@napi-rs/wasm-tools-darwin-x64": {
      "version": "1.1.0",
      "integrity": "sha1-OBOMK9qi6+qtyYqp0N2OzV5PYfs=",
      "cpu": [
        "x64"
      ],
      "dev": true,
      "license": "MIT",
      "optional": true,
      "os": [
        "darwin"
      ],
      "engines": {
        "node": ">= 12.22.0"
      }
    },
    "node_modules/@napi-rs/wasm-tools-freebsd-x64": {
      "version": "1.1.0",
      "integrity": "sha1-oJF0MA2bk+8GA/ca0Wiu1GEJE48=",
      "cpu": [
        "x64"
      ],
      "dev": true,
      "license": "MIT",
      "optional": true,
      "os": [
        "freebsd"
      ],
      "engines": {
        "node": ">= 12.22.0"
      }
    },
    "node_modules/@napi-rs/wasm-tools-linux-arm64-gnu": {
      "version": "1.1.0",
      "integrity": "sha1-SyCJE4wU/c0Ev2NoZWEB0dY9axw=",
      "cpu": [
        "arm64"
      ],
      "dev": true,
      "license": "MIT",
      "optional": true,
      "os": [
        "linux"
      ],
      "engines": {
        "node": ">= 12.22.0"
      }
    },
    "node_modules/@napi-rs/wasm-tools-linux-arm64-musl": {
      "version": "1.1.0",
      "integrity": "sha1-Gf4DFOq7FKhJORtYfG9W0NPlunw=",
      "cpu": [
        "arm64"
      ],
      "dev": true,
      "license": "MIT",
      "optional": true,
      "os": [
        "linux"
      ],
      "engines": {
        "node": ">= 12.22.0"
      }
    },
    "node_modules/@napi-rs/wasm-tools-linux-x64-gnu": {
      "version": "1.1.0",
      "integrity": "sha1-tK8NO9TT0keOQm3Z18Q0MSNApKw=",
      "cpu": [
        "x64"
      ],
      "dev": true,
      "license": "MIT",
      "optional": true,
      "os": [
        "linux"
      ],
      "engines": {
        "node": ">= 12.22.0"
      }
    },
    "node_modules/@napi-rs/wasm-tools-linux-x64-musl": {
      "version": "1.1.0",
      "integrity": "sha1-QUE6XqeB1miVLNY4qayD3+mH2FI=",
      "cpu": [
        "x64"
      ],
      "dev": true,
      "license": "MIT",
      "optional": true,
      "os": [
        "linux"
      ],
      "engines": {
        "node": ">= 12.22.0"
      }
    },
    "node_modules/@napi-rs/wasm-tools-wasm32-wasi": {
      "version": "1.1.0",
      "integrity": "sha1-OVYKoNNl9nb1HS0hZEIYfksAIy8=",
      "cpu": [
        "wasm32"
      ],
      "dev": true,
      "license": "MIT",
      "optional": true,
      "dependencies": {
        "@emnapi/core": "1.9.2",
        "@emnapi/runtime": "1.9.2",
        "@napi-rs/wasm-runtime": "^1.1.6"
      },
      "engines": {
        "node": ">=14.0.0"
      }
    },
    "node_modules/@napi-rs/wasm-tools-wasm32-wasi/node_modules/@emnapi/core": {
      "version": "1.9.2",
      "integrity": "sha1-OHAmXs/8c1LQHq1i2Ng9g1ii0DQ=",
      "dev": true,
      "license": "MIT",
      "optional": true,
      "dependencies": {
        "@emnapi/wasi-threads": "1.2.1",
        "tslib": "^2.4.0"
      }
    },
    "node_modules/@napi-rs/wasm-tools-wasm32-wasi/node_modules/@emnapi/runtime": {
      "version": "1.9.2",
      "integrity": "sha1-i0aaPbFggXytsd6QUCEanR6oT6I=",
      "dev": true,
      "license": "MIT",
      "optional": true,
      "dependencies": {
        "tslib": "^2.4.0"
      }
    },
    "node_modules/@napi-rs/wasm-tools-wasm32-wasi/node_modules/@emnapi/wasi-threads": {
      "version": "1.2.1",
      "integrity": "sha1-KP7SGhuhznl8RKBwq8lNQvOuhUg=",
      "dev": true,
      "license": "MIT",
      "optional": true,
      "dependencies": {
        "tslib": "^2.4.0"
      }
    },
    "node_modules/@napi-rs/wasm-tools-win32-arm64-msvc": {
      "version": "1.1.0",
      "integrity": "sha1-NNXRSfkzxefDsV0mtog5HNCdNvs=",
      "cpu": [
        "arm64"
      ],
      "dev": true,
      "license": "MIT",
      "optional": true,
      "os": [
        "win32"
      ],
      "engines": {
        "node": ">= 12.22.0"
      }
    },
    "node_modules/@napi-rs/wasm-tools-win32-ia32-msvc": {
      "version": "1.1.0",
      "integrity": "sha1-lNO6HiaBf102RFErrOxkwyVB2LI=",
      "cpu": [
        "ia32"
      ],
      "dev": true,
      "license": "MIT",
      "optional": true,
      "os": [
        "win32"
      ],
      "engines": {
        "node": ">= 12.22.0"
      }
    },
    "node_modules/@napi-rs/wasm-tools-win32-x64-msvc": {
      "version": "1.1.0",
      "cpu": [
        "x64"
      ],
      "dev": true,
      "license": "MIT",
      "optional": true,
      "os": [
        "win32"
      ],
      "engines": {
        "node": ">= 12.22.0"
      }
    },
    "node_modules/@octokit/auth-token": {
      "version": "6.0.0",
      "dev": true,
      "license": "MIT",
      "engines": {
        "node": ">= 20"
      }
    },
    "node_modules/@octokit/core": {
      "version": "7.0.6",
      "dev": true,
      "license": "MIT",
      "peer": true,
      "dependencies": {
        "@octokit/auth-token": "^6.0.0",
        "@octokit/graphql": "^9.0.3",
        "@octokit/request": "^10.0.6",
        "@octokit/request-error": "^7.0.2",
        "@octokit/types": "^16.0.0",
        "before-after-hook": "^4.0.0",
        "universal-user-agent": "^7.0.0"
      },
      "engines": {
        "node": ">= 20"
      }
    },
    "node_modules/@octokit/endpoint": {
      "version": "11.0.3",
      "dev": true,
      "license": "MIT",
      "dependencies": {
        "@octokit/types": "^16.0.0",
        "universal-user-agent": "^7.0.2"
      },
      "engines": {
        "node": ">= 20"
      }
    },
    "node_modules/@octokit/graphql": {
      "version": "9.0.3",
      "dev": true,
      "license": "MIT",
      "dependencies": {
        "@octokit/request": "^10.0.6",
        "@octokit/types": "^16.0.0",
        "universal-user-agent": "^7.0.0"
      },
      "engines": {
        "node": ">= 20"
      }
    },
    "node_modules/@octokit/openapi-types": {
      "version": "27.0.0",
      "dev": true,
      "license": "MIT"
    },
    "node_modules/@octokit/plugin-paginate-rest": {
      "version": "14.0.0",
      "dev": true,
      "license": "MIT",
      "dependencies": {
        "@octokit/types": "^16.0.0"
      },
      "engines": {
        "node": ">= 20"
      },
      "peerDependencies": {
        "@octokit/core": ">=6"
      }
    },
    "node_modules/@octokit/plugin-request-log": {
      "version": "6.0.0",
      "dev": true,
      "license": "MIT",
      "engines": {
        "node": ">= 20"
      },
      "peerDependencies": {
        "@octokit/core": ">=6"
      }
    },
    "node_modules/@octokit/plugin-rest-endpoint-methods": {
      "version": "17.0.0",
      "dev": true,
      "license": "MIT",
      "dependencies": {
        "@octokit/types": "^16.0.0"
      },
      "engines": {
        "node": ">= 20"
      },
      "peerDependencies": {
        "@octokit/core": ">=6"
      }
    },
    "node_modules/@octokit/request": {
      "version": "10.0.11",
      "dev": true,
      "license": "MIT",
      "dependencies": {
        "@octokit/endpoint": "^11.0.3",
        "@octokit/request-error": "^7.0.2",
        "@octokit/types": "^16.0.0",
        "content-type": "^2.0.0",
        "json-with-bigint": "^3.5.3",
        "universal-user-agent": "^7.0.2"
      },
      "engines": {
        "node": ">= 20"
      }
    },
    "node_modules/@octokit/request-error": {
      "version": "7.1.0",
      "dev": true,
      "license": "MIT",
      "dependencies": {
        "@octokit/types": "^16.0.0"
      },
      "engines": {
        "node": ">= 20"
      }
    },
    "node_modules/@octokit/rest": {
      "version": "22.0.1",
      "dev": true,
      "license": "MIT",
      "dependencies": {
        "@octokit/core": "^7.0.6",
        "@octokit/plugin-paginate-rest": "^14.0.0",
        "@octokit/plugin-request-log": "^6.0.0",
        "@octokit/plugin-rest-endpoint-methods": "^17.0.0"
      },
      "engines": {
        "node": ">= 20"
      }
    },
    "node_modules/@octokit/types": {
      "version": "16.0.0",
      "dev": true,
      "license": "MIT",
      "dependencies": {
        "@octokit/openapi-types": "^27.0.0"
      }
    },
    "node_modules/@tybys/wasm-util": {
      "version": "0.10.3",
      "integrity": "sha1-AVy6np3UfOFNA9KoxdVHv7FpZl0=",
      "dev": true,
      "license": "MIT",
      "optional": true,
      "dependencies": {
        "tslib": "^2.4.0"
      }
    },
    "node_modules/@types/node": {
      "version": "20.19.43",
      "dev": true,
      "license": "MIT",
      "peer": true,
      "dependencies": {
        "undici-types": "~6.21.0"
      }
    },
    "node_modules/argparse": {
      "version": "2.0.1",
      "dev": true,
      "license": "Python-2.0"
    },
    "node_modules/before-after-hook": {
      "version": "4.0.0",
      "dev": true,
      "license": "Apache-2.0"
    },
    "node_modules/chardet": {
      "version": "2.2.0",
      "dev": true,
      "license": "MIT"
    },
    "node_modules/cli-width": {
      "version": "4.1.0",
      "dev": true,
      "license": "ISC",
      "engines": {
        "node": ">= 12"
      }
    },
    "node_modules/clipanion": {
      "version": "4.0.0-rc.4",
      "dev": true,
      "license": "MIT",
      "workspaces": [
        "website"
      ],
      "dependencies": {
        "typanion": "^3.8.0"
      },
      "peerDependencies": {
        "typanion": "*"
      }
    },
    "node_modules/colorette": {
      "version": "2.0.20",
      "dev": true,
      "license": "MIT"
    },
    "node_modules/content-type": {
      "version": "2.0.0",
      "dev": true,
      "license": "MIT",
      "engines": {
        "node": ">=18"
      },
      "funding": {
        "type": "opencollective",
        "url": "https://opencollective.com/express"
      }
    },
    "node_modules/debug": {
      "version": "4.4.3",
      "dev": true,
      "license": "MIT",
      "dependencies": {
        "ms": "^2.1.3"
      },
      "engines": {
        "node": ">=6.0"
      },
      "peerDependenciesMeta": {
        "supports-color": {
          "optional": true
        }
      }
    },
    "node_modules/emnapi": {
      "version": "1.11.3",
      "dev": true,
      "license": "MIT",
      "peerDependencies": {
        "node-addon-api": ">= 6.1.0"
      },
      "peerDependenciesMeta": {
        "node-addon-api": {
          "optional": true
        }
      }
    },
    "node_modules/es-toolkit": {
      "version": "1.50.0",
      "dev": true,
      "license": "MIT",
      "workspaces": [
        "docs",
        "benchmarks",
        "tests/types"
      ]
    },
    "node_modules/fast-string-truncated-width": {
      "version": "3.0.3",
      "dev": true,
      "license": "MIT"
    },
    "node_modules/fast-string-width": {
      "version": "3.0.2",
      "dev": true,
      "license": "MIT",
      "dependencies": {
        "fast-string-truncated-width": "^3.0.2"
      }
    },
    "node_modules/fast-wrap-ansi": {
      "version": "0.2.2",
      "dev": true,
      "license": "MIT",
      "dependencies": {
        "fast-string-width": "^3.0.2"
      }
    },
    "node_modules/iconv-lite": {
      "version": "0.7.3",
      "dev": true,
      "license": "MIT",
      "dependencies": {
        "safer-buffer": ">= 2.1.2 < 3.0.0"
      },
      "engines": {
        "node": ">=0.10.0"
      },
      "funding": {
        "type": "opencollective",
        "url": "https://opencollective.com/express"
      }
    },
    "node_modules/js-yaml": {
      "version": "4.3.0",
      "dev": true,
      "funding": [
        {
          "type": "github",
          "url": "https://github.com/sponsors/puzrin"
        },
        {
          "type": "github",
          "url": "https://github.com/sponsors/nodeca"
        }
      ],
      "license": "MIT",
      "dependencies": {
        "argparse": "^2.0.1"
      },
      "bin": {
        "js-yaml": "bin/js-yaml.js"
      }
    },
    "node_modules/json-with-bigint": {
      "version": "3.5.10",
      "dev": true,
      "license": "MIT"
    },
    "node_modules/ms": {
      "version": "2.1.3",
      "dev": true,
      "license": "MIT"
    },
    "node_modules/mute-stream": {
      "version": "3.0.0",
      "dev": true,
      "license": "ISC",
      "engines": {
        "node": "^20.17.0 || >=22.9.0"
      }
    },
    "node_modules/obug": {
      "version": "2.1.4",
      "dev": true,
      "funding": [
        "https://github.com/sponsors/sxzz",
        "https://opencollective.com/debug"
      ],
      "license": "MIT",
      "engines": {
        "node": ">=12.20.0"
      }
    },
    "node_modules/safer-buffer": {
      "version": "2.1.2",
      "dev": true,
      "license": "MIT"
    },
    "node_modules/semver": {
      "version": "7.8.5",
      "dev": true,
      "license": "ISC",
      "bin": {
        "semver": "bin/semver.js"
      },
      "engines": {
        "node": ">=10"
      }
    },
    "node_modules/signal-exit": {
      "version": "4.1.0",
      "dev": true,
      "license": "ISC",
      "engines": {
        "node": ">=14"
      },
      "funding": {
        "url": "https://github.com/sponsors/isaacs"
      }
    },
    "node_modules/tslib": {
      "version": "2.8.1",
      "dev": true,
      "license": "0BSD",
      "optional": true
    },
    "node_modules/typanion": {
      "version": "3.14.0",
      "dev": true,
      "license": "MIT",
      "workspaces": [
        "website"
      ]
    },
    "node_modules/typescript": {
      "version": "5.9.3",
      "dev": true,
      "license": "Apache-2.0",
      "bin": {
        "tsc": "bin/tsc",
        "tsserver": "bin/tsserver"
      },
      "engines": {
        "node": ">=14.17"
      }
    },
    "node_modules/undici-types": {
      "version": "6.21.0",
      "dev": true,
      "license": "MIT"
    },
    "node_modules/universal-user-agent": {
      "version": "7.0.3",
      "dev": true,
      "license": "ISC"
    }
  }
}
